// !$*UTF8*$!
{
	archiveVersion = 1;
	classes = {
	};
	objectVersion = 50;
	objects = {

/* Begin PBXBuildFile section */
		FB47192C25D2D6A900B29960 /* SwiftUI_Github_ClientApp.swift in Sources */ = {isa = PBXBuildFile; fileRef = FB47192B25D2D6A900B29960 /* SwiftUI_Github_ClientApp.swift */; };
		FB47193025D2D6AB00B29960 /* Assets.xcassets in Resources */ = {isa = PBXBuildFile; fileRef = FB47192F25D2D6AB00B29960 /* Assets.xcassets */; };
		FB47193325D2D6AB00B29960 /* Preview Assets.xcassets in Resources */ = {isa = PBXBuildFile; fileRef = FB47193225D2D6AB00B29960 /* Preview Assets.xcassets */; };
		FB47193E25D2D6AB00B29960 /* SwiftUI_Github_ClientTests.swift in Sources */ = {isa = PBXBuildFile; fileRef = FB47193D25D2D6AB00B29960 /* SwiftUI_Github_ClientTests.swift */; };
		FB47194925D2D6AB00B29960 /* SwiftUI_Github_ClientUITests.swift in Sources */ = {isa = PBXBuildFile; fileRef = FB47194825D2D6AB00B29960 /* SwiftUI_Github_ClientUITests.swift */; };
		FB47196025D2D7AC00B29960 /* MainContentView.swift in Sources */ = {isa = PBXBuildFile; fileRef = FB47195F25D2D7AC00B29960 /* MainContentView.swift */; };
		FB47196525D2D7CC00B29960 /* Constants.swift in Sources */ = {isa = PBXBuildFile; fileRef = FB47196425D2D7CC00B29960 /* Constants.swift */; };
		FB47196D25D2D7FE00B29960 /* UIColor.swift in Sources */ = {isa = PBXBuildFile; fileRef = FB47196A25D2D7FE00B29960 /* UIColor.swift */; };
		FB47196E25D2D7FE00B29960 /* Optional.swift in Sources */ = {isa = PBXBuildFile; fileRef = FB47196B25D2D7FE00B29960 /* Optional.swift */; };
		FB47196F25D2D7FE00B29960 /* Color.swift in Sources */ = {isa = PBXBuildFile; fileRef = FB47196C25D2D7FE00B29960 /* Color.swift */; };
		FB47197825D2D81200B29960 /* ImageCache.swift in Sources */ = {isa = PBXBuildFile; fileRef = FB47197425D2D81200B29960 /* ImageCache.swift */; };
		FB47197925D2D81200B29960 /* ImageLoader.swift in Sources */ = {isa = PBXBuildFile; fileRef = FB47197525D2D81200B29960 /* ImageLoader.swift */; };
		FB47197A25D2D81200B29960 /* EnvironmentValues+ImageCache.swift in Sources */ = {isa = PBXBuildFile; fileRef = FB47197625D2D81200B29960 /* EnvironmentValues+ImageCache.swift */; };
		FB47197B25D2D81200B29960 /* AsyncImage.swift in Sources */ = {isa = PBXBuildFile; fileRef = FB47197725D2D81200B29960 /* AsyncImage.swift */; };
		FB47198D25D2D82500B29960 /* MostStarRepositoriesViewModel.swift in Sources */ = {isa = PBXBuildFile; fileRef = FB47198025D2D82500B29960 /* MostStarRepositoriesViewModel.swift */; };
		FB47198E25D2D82500B29960 /* OldRepositoriesViewModel.swift in Sources */ = {isa = PBXBuildFile; fileRef = FB47198125D2D82500B29960 /* OldRepositoriesViewModel.swift */; };
		FB47198F25D2D82500B29960 /* MyRepositoriesViewModel.swift in Sources */ = {isa = PBXBuildFile; fileRef = FB47198225D2D82500B29960 /* MyRepositoriesViewModel.swift */; };
		FB47199025D2D82500B29960 /* RepositoryListContentView.swift in Sources */ = {isa = PBXBuildFile; fileRef = FB47198325D2D82500B29960 /* RepositoryListContentView.swift */; };
		FB47199125D2D82500B29960 /* NewRepositoriesViewModel.swift in Sources */ = {isa = PBXBuildFile; fileRef = FB47198425D2D82500B29960 /* NewRepositoriesViewModel.swift */; };
		FB47199225D2D82500B29960 /* HorizontalList.swift in Sources */ = {isa = PBXBuildFile; fileRef = FB47198625D2D82500B29960 /* HorizontalList.swift */; };
		FB47199325D2D82500B29960 /* Cardify.swift in Sources */ = {isa = PBXBuildFile; fileRef = FB47198725D2D82500B29960 /* Cardify.swift */; };
		FB47199425D2D82500B29960 /* CardView.swift in Sources */ = {isa = PBXBuildFile; fileRef = FB47198825D2D82500B29960 /* CardView.swift */; };
		FB47199525D2D82500B29960 /* CircleImageView.swift in Sources */ = {isa = PBXBuildFile; fileRef = FB47198925D2D82500B29960 /* CircleImageView.swift */; };
		FB47199625D2D82500B29960 /* HomeViewModel.swift in Sources */ = {isa = PBXBuildFile; fileRef = FB47198B25D2D82500B29960 /* HomeViewModel.swift */; };
		FB47199725D2D82500B29960 /* HomeContentView.swift in Sources */ = {isa = PBXBuildFile; fileRef = FB47198C25D2D82500B29960 /* HomeContentView.swift */; };
		FB4719A125D2D85400B29960 /* SearchRepositoryResponse.swift in Sources */ = {isa = PBXBuildFile; fileRef = FB47199C25D2D85400B29960 /* SearchRepositoryResponse.swift */; };
		FB4719A225D2D85400B29960 /* LoadingState.swift in Sources */ = {isa = PBXBuildFile; fileRef = FB47199D25D2D85400B29960 /* LoadingState.swift */; };
		FB4719A325D2D85400B29960 /* LanguageHelper.swift in Sources */ = {isa = PBXBuildFile; fileRef = FB47199E25D2D85400B29960 /* LanguageHelper.swift */; };
		FB4719A425D2D85400B29960 /* OwnerResponse.swift in Sources */ = {isa = PBXBuildFile; fileRef = FB47199F25D2D85400B29960 /* OwnerResponse.swift */; };
		FB4719A525D2D85400B29960 /* RepositoryResponse.swift in Sources */ = {isa = PBXBuildFile; fileRef = FB4719A025D2D85400B29960 /* RepositoryResponse.swift */; };
		FB4719AF25D2D8C400B29960 /* img2.png in Resources */ = {isa = PBXBuildFile; fileRef = FB4719AD25D2D8C400B29960 /* img2.png */; };
		FB4719B025D2D8C400B29960 /* img1.png in Resources */ = {isa = PBXBuildFile; fileRef = FB4719AE25D2D8C400B29960 /* img1.png */; };
		FB4719B525D2D8F800B29960 /* languages.json in Resources */ = {isa = PBXBuildFile; fileRef = FB4719B425D2D8F800B29960 /* languages.json */; };
/* End PBXBuildFile section */

/* Begin PBXContainerItemProxy section */
		FB47193A25D2D6AB00B29960 /* PBXContainerItemProxy */ = {
			isa = PBXContainerItemProxy;
			containerPortal = FB47192025D2D6A900B29960 /* Project object */;
			proxyType = 1;
			remoteGlobalIDString = FB47192725D2D6A900B29960;
			remoteInfo = "SwiftUI-Github-Client";
		};
		FB47194525D2D6AB00B29960 /* PBXContainerItemProxy */ = {
			isa = PBXContainerItemProxy;
			containerPortal = FB47192025D2D6A900B29960 /* Project object */;
			proxyType = 1;
			remoteGlobalIDString = FB47192725D2D6A900B29960;
			remoteInfo = "SwiftUI-Github-Client";
		};
/* End PBXContainerItemProxy section */

/* Begin PBXFileReference section */
		FB47192825D2D6A900B29960 /* SwiftUI-Github-Client.app */ = {isa = PBXFileReference; explicitFileType = wrapper.application; includeInIndex = 0; path = "SwiftUI-Github-Client.app"; sourceTree = BUILT_PRODUCTS_DIR; };
		FB47192B25D2D6A900B29960 /* SwiftUI_Github_ClientApp.swift */ = {isa = PBXFileReference; lastKnownFileType = sourcecode.swift; path = SwiftUI_Github_ClientApp.swift; sourceTree = "<group>"; };
		FB47192F25D2D6AB00B29960 /* Assets.xcassets */ = {isa = PBXFileReference; lastKnownFileType = folder.assetcatalog; path = Assets.xcassets; sourceTree = "<group>"; };
		FB47193225D2D6AB00B29960 /* Preview Assets.xcassets */ = {isa = PBXFileReference; lastKnownFileType = folder.assetcatalog; path = "Preview Assets.xcassets"; sourceTree = "<group>"; };
		FB47193425D2D6AB00B29960 /* Info.plist */ = {isa = PBXFileReference; lastKnownFileType = text.plist.xml; path = Info.plist; sourceTree = "<group>"; };
		FB47193925D2D6AB00B29960 /* SwiftUI-Github-ClientTests.xctest */ = {isa = PBXFileReference; explicitFileType = wrapper.cfbundle; includeInIndex = 0; path = "SwiftUI-Github-ClientTests.xctest"; sourceTree = BUILT_PRODUCTS_DIR; };
		FB47193D25D2D6AB00B29960 /* SwiftUI_Github_ClientTests.swift */ = {isa = PBXFileReference; lastKnownFileType = sourcecode.swift; path = SwiftUI_Github_ClientTests.swift; sourceTree = "<group>"; };
		FB47193F25D2D6AB00B29960 /* Info.plist */ = {isa = PBXFileReference; lastKnownFileType = text.plist.xml; path = Info.plist; sourceTree = "<group>"; };
		FB47194425D2D6AB00B29960 /* SwiftUI-Github-ClientUITests.xctest */ = {isa = PBXFileReference; explicitFileType = wrapper.cfbundle; includeInIndex = 0; path = "SwiftUI-Github-ClientUITests.xctest"; sourceTree = BUILT_PRODUCTS_DIR; };
		FB47194825D2D6AB00B29960 /* SwiftUI_Github_ClientUITests.swift */ = {isa = PBXFileReference; lastKnownFileType = sourcecode.swift; path = SwiftUI_Github_ClientUITests.swift; sourceTree = "<group>"; };
		FB47194A25D2D6AB00B29960 /* Info.plist */ = {isa = PBXFileReference; lastKnownFileType = text.plist.xml; path = Info.plist; sourceTree = "<group>"; };
		FB47195F25D2D7AC00B29960 /* MainContentView.swift */ = {isa = PBXFileReference; fileEncoding = 4; lastKnownFileType = sourcecode.swift; path = MainContentView.swift; sourceTree = "<group>"; };
		FB47196425D2D7CC00B29960 /* Constants.swift */ = {isa = PBXFileReference; fileEncoding = 4; lastKnownFileType = sourcecode.swift; path = Constants.swift; sourceTree = "<group>"; };
		FB47196A25D2D7FE00B29960 /* UIColor.swift */ = {isa = PBXFileReference; fileEncoding = 4; lastKnownFileType = sourcecode.swift; path = UIColor.swift; sourceTree = "<group>"; };
		FB47196B25D2D7FE00B29960 /* Optional.swift */ = {isa = PBXFileReference; fileEncoding = 4; lastKnownFileType = sourcecode.swift; path = Optional.swift; sourceTree = "<group>"; };
		FB47196C25D2D7FE00B29960 /* Color.swift */ = {isa = PBXFileReference; fileEncoding = 4; lastKnownFileType = sourcecode.swift; path = Color.swift; sourceTree = "<group>"; };
		FB47197425D2D81200B29960 /* ImageCache.swift */ = {isa = PBXFileReference; fileEncoding = 4; lastKnownFileType = sourcecode.swift; path = ImageCache.swift; sourceTree = "<group>"; };
		FB47197525D2D81200B29960 /* ImageLoader.swift */ = {isa = PBXFileReference; fileEncoding = 4; lastKnownFileType = sourcecode.swift; path = ImageLoader.swift; sourceTree = "<group>"; };
		FB47197625D2D81200B29960 /* EnvironmentValues+ImageCache.swift */ = {isa = PBXFileReference; fileEncoding = 4; lastKnownFileType = sourcecode.swift; path = "EnvironmentValues+ImageCache.swift"; sourceTree = "<group>"; };
		FB47197725D2D81200B29960 /* AsyncImage.swift */ = {isa = PBXFileReference; fileEncoding = 4; lastKnownFileType = sourcecode.swift; path = AsyncImage.swift; sourceTree = "<group>"; };
		FB47198025D2D82500B29960 /* MostStarRepositoriesViewModel.swift */ = {isa = PBXFileReference; fileEncoding = 4; lastKnownFileType = sourcecode.swift; path = MostStarRepositoriesViewModel.swift; sourceTree = "<group>"; };
		FB47198125D2D82500B29960 /* OldRepositoriesViewModel.swift */ = {isa = PBXFileReference; fileEncoding = 4; lastKnownFileType = sourcecode.swift; path = OldRepositoriesViewModel.swift; sourceTree = "<group>"; };
		FB47198225D2D82500B29960 /* MyRepositoriesViewModel.swift */ = {isa = PBXFileReference; fileEncoding = 4; lastKnownFileType = sourcecode.swift; path = MyRepositoriesViewModel.swift; sourceTree = "<group>"; };
		FB47198325D2D82500B29960 /* RepositoryListContentView.swift */ = {isa = PBXFileReference; fileEncoding = 4; lastKnownFileType = sourcecode.swift; path = RepositoryListContentView.swift; sourceTree = "<group>"; };
		FB47198425D2D82500B29960 /* NewRepositoriesViewModel.swift */ = {isa = PBXFileReference; fileEncoding = 4; lastKnownFileType = sourcecode.swift; path = NewRepositoriesViewModel.swift; sourceTree = "<group>"; };
		FB47198625D2D82500B29960 /* HorizontalList.swift */ = {isa = PBXFileReference; fileEncoding = 4; lastKnownFileType = sourcecode.swift; path = HorizontalList.swift; sourceTree = "<group>"; };
		FB47198725D2D82500B29960 /* Cardify.swift */ = {isa = PBXFileReference; fileEncoding = 4; lastKnownFileType = sourcecode.swift; path = Cardify.swift; sourceTree = "<group>"; };
		FB47198825D2D82500B29960 /* CardView.swift */ = {isa = PBXFileReference; fileEncoding = 4; lastKnownFileType = sourcecode.swift; path = CardView.swift; sourceTree = "<group>"; };
		FB47198925D2D82500B29960 /* CircleImageView.swift */ = {isa = PBXFileReference; fileEncoding = 4; lastKnownFileType = sourcecode.swift; path = CircleImageView.swift; sourceTree = "<group>"; };
		FB47198B25D2D82500B29960 /* HomeViewModel.swift */ = {isa = PBXFileReference; fileEncoding = 4; lastKnownFileType = sourcecode.swift; path = HomeViewModel.swift; sourceTree = "<group>"; };
		FB47198C25D2D82500B29960 /* HomeContentView.swift */ = {isa = PBXFileReference; fileEncoding = 4; lastKnownFileType = sourcecode.swift; path = HomeContentView.swift; sourceTree = "<group>"; };
		FB47199C25D2D85400B29960 /* SearchRepositoryResponse.swift */ = {isa = PBXFileReference; fileEncoding = 4; lastKnownFileType = sourcecode.swift; path = SearchRepositoryResponse.swift; sourceTree = "<group>"; };
		FB47199D25D2D85400B29960 /* LoadingState.swift */ = {isa = PBXFileReference; fileEncoding = 4; lastKnownFileType = sourcecode.swift; path = LoadingState.swift; sourceTree = "<group>"; };
		FB47199E25D2D85400B29960 /* LanguageHelper.swift */ = {isa = PBXFileReference; fileEncoding = 4; lastKnownFileType = sourcecode.swift; path = LanguageHelper.swift; sourceTree = "<group>"; };
		FB47199F25D2D85400B29960 /* OwnerResponse.swift */ = {isa = PBXFileReference; fileEncoding = 4; lastKnownFileType = sourcecode.swift; path = OwnerResponse.swift; sourceTree = "<group>"; };
		FB4719A025D2D85400B29960 /* RepositoryResponse.swift */ = {isa = PBXFileReference; fileEncoding = 4; lastKnownFileType = sourcecode.swift; path = RepositoryResponse.swift; sourceTree = "<group>"; };
		FB4719AD25D2D8C400B29960 /* img2.png */ = {isa = PBXFileReference; lastKnownFileType = image.png; path = img2.png; sourceTree = "<group>"; };
		FB4719AE25D2D8C400B29960 /* img1.png */ = {isa = PBXFileReference; lastKnownFileType = image.png; path = img1.png; sourceTree = "<group>"; };
		FB4719B425D2D8F800B29960 /* languages.json */ = {isa = PBXFileReference; fileEncoding = 4; lastKnownFileType = text.json; path = languages.json; sourceTree = "<group>"; };
/* End PBXFileReference section */

/* Begin PBXFrameworksBuildPhase section */
		FB47192525D2D6A900B29960 /* Frameworks */ = {
			isa = PBXFrameworksBuildPhase;
			buildActionMask = 2147483647;
			files = (
			);
			runOnlyForDeploymentPostprocessing = 0;
		};
		FB47193625D2D6AB00B29960 /* Frameworks */ = {
			isa = PBXFrameworksBuildPhase;
			buildActionMask = 2147483647;
			files = (
			);
			runOnlyForDeploymentPostprocessing = 0;
		};
		FB47194125D2D6AB00B29960 /* Frameworks */ = {
			isa = PBXFrameworksBuildPhase;
			buildActionMask = 2147483647;
			files = (
			);
			runOnlyForDeploymentPostprocessing = 0;
		};
/* End PBXFrameworksBuildPhase section */

/* Begin PBXGroup section */
		FB47191F25D2D6A900B29960 = {
			isa = PBXGroup;
			children = (
				FB4719AC25D2D8C400B29960 /* art */,
				FB47192A25D2D6A900B29960 /* SwiftUI-Github-Client */,
				FB47193C25D2D6AB00B29960 /* SwiftUI-Github-ClientTests */,
				FB47194725D2D6AB00B29960 /* SwiftUI-Github-ClientUITests */,
				FB47192925D2D6A900B29960 /* Products */,
			);
			sourceTree = "<group>";
		};
		FB47192925D2D6A900B29960 /* Products */ = {
			isa = PBXGroup;
			children = (
				FB47192825D2D6A900B29960 /* SwiftUI-Github-Client.app */,
				FB47193925D2D6AB00B29960 /* SwiftUI-Github-ClientTests.xctest */,
				FB47194425D2D6AB00B29960 /* SwiftUI-Github-ClientUITests.xctest */,
			);
			name = Products;
			sourceTree = "<group>";
		};
		FB47192A25D2D6A900B29960 /* SwiftUI-Github-Client */ = {
			isa = PBXGroup;
			children = (
				FB47195B25D2D72000B29960 /* utils */,
				FB47195A25D2D71B00B29960 /* data */,
				FB47195925D2D71500B29960 /* ui */,
				FB47192B25D2D6A900B29960 /* SwiftUI_Github_ClientApp.swift */,
				FB47192F25D2D6AB00B29960 /* Assets.xcassets */,
				FB47193425D2D6AB00B29960 /* Info.plist */,
				FB47193125D2D6AB00B29960 /* Preview Content */,
			);
			path = "SwiftUI-Github-Client";
			sourceTree = "<group>";
		};
		FB47193125D2D6AB00B29960 /* Preview Content */ = {
			isa = PBXGroup;
			children = (
				FB47193225D2D6AB00B29960 /* Preview Assets.xcassets */,
			);
			path = "Preview Content";
			sourceTree = "<group>";
		};
		FB47193C25D2D6AB00B29960 /* SwiftUI-Github-ClientTests */ = {
			isa = PBXGroup;
			children = (
				FB47193D25D2D6AB00B29960 /* SwiftUI_Github_ClientTests.swift */,
				FB47193F25D2D6AB00B29960 /* Info.plist */,
			);
			path = "SwiftUI-Github-ClientTests";
			sourceTree = "<group>";
		};
		FB47194725D2D6AB00B29960 /* SwiftUI-Github-ClientUITests */ = {
			isa = PBXGroup;
			children = (
				FB47194825D2D6AB00B29960 /* SwiftUI_Github_ClientUITests.swift */,
				FB47194A25D2D6AB00B29960 /* Info.plist */,
			);
			path = "SwiftUI-Github-ClientUITests";
			sourceTree = "<group>";
		};
		FB47195925D2D71500B29960 /* ui */ = {
			isa = PBXGroup;
			children = (
				FB47198525D2D82500B29960 /* common */,
				FB47198A25D2D82500B29960 /* home */,
				FB47197F25D2D82500B29960 /* list */,
				FB47195F25D2D7AC00B29960 /* MainContentView.swift */,
			);
			path = ui;
			sourceTree = "<group>";
		};
		FB47195A25D2D71B00B29960 /* data */ = {
			isa = PBXGroup;
			children = (
				FB4719B425D2D8F800B29960 /* languages.json */,
				FB47199B25D2D85400B29960 /* model */,
			);
			path = data;
			sourceTree = "<group>";
		};
		FB47195B25D2D72000B29960 /* utils */ = {
			isa = PBXGroup;
			children = (
				FB47197325D2D81200B29960 /* ImageLoader */,
				FB47196925D2D7FE00B29960 /* extension */,
				FB47196425D2D7CC00B29960 /* Constants.swift */,
			);
			path = utils;
			sourceTree = "<group>";
		};
		FB47196925D2D7FE00B29960 /* extension */ = {
			isa = PBXGroup;
			children = (
				FB47196A25D2D7FE00B29960 /* UIColor.swift */,
				FB47196B25D2D7FE00B29960 /* Optional.swift */,
				FB47196C25D2D7FE00B29960 /* Color.swift */,
			);
			path = extension;
			sourceTree = "<group>";
		};
		FB47197325D2D81200B29960 /* ImageLoader */ = {
			isa = PBXGroup;
			children = (
				FB47197425D2D81200B29960 /* ImageCache.swift */,
				FB47197525D2D81200B29960 /* ImageLoader.swift */,
				FB47197625D2D81200B29960 /* EnvironmentValues+ImageCache.swift */,
				FB47197725D2D81200B29960 /* AsyncImage.swift */,
			);
			path = ImageLoader;
			sourceTree = "<group>";
		};
		FB47197F25D2D82500B29960 /* list */ = {
			isa = PBXGroup;
			children = (
				FB47198025D2D82500B29960 /* MostStarRepositoriesViewModel.swift */,
				FB47198125D2D82500B29960 /* OldRepositoriesViewModel.swift */,
				FB47198225D2D82500B29960 /* MyRepositoriesViewModel.swift */,
				FB47198325D2D82500B29960 /* RepositoryListContentView.swift */,
				FB47198425D2D82500B29960 /* NewRepositoriesViewModel.swift */,
			);
			path = list;
			sourceTree = "<group>";
		};
		FB47198525D2D82500B29960 /* common */ = {
			isa = PBXGroup;
			children = (
				FB47198625D2D82500B29960 /* HorizontalList.swift */,
				FB47198725D2D82500B29960 /* Cardify.swift */,
				FB47198825D2D82500B29960 /* CardView.swift */,
				FB47198925D2D82500B29960 /* CircleImageView.swift */,
			);
			path = common;
			sourceTree = "<group>";
		};
		FB47198A25D2D82500B29960 /* home */ = {
			isa = PBXGroup;
			children = (
				FB47198B25D2D82500B29960 /* HomeViewModel.swift */,
				FB47198C25D2D82500B29960 /* HomeContentView.swift */,
			);
			path = home;
			sourceTree = "<group>";
		};
		FB47199B25D2D85400B29960 /* model */ = {
			isa = PBXGroup;
			children = (
				FB47199C25D2D85400B29960 /* SearchRepositoryResponse.swift */,
				FB47199D25D2D85400B29960 /* LoadingState.swift */,
				FB47199E25D2D85400B29960 /* LanguageHelper.swift */,
				FB47199F25D2D85400B29960 /* OwnerResponse.swift */,
				FB4719A025D2D85400B29960 /* RepositoryResponse.swift */,
			);
			path = model;
			sourceTree = "<group>";
		};
		FB4719AC25D2D8C400B29960 /* art */ = {
			isa = PBXGroup;
			children = (
				FB4719AD25D2D8C400B29960 /* img2.png */,
				FB4719AE25D2D8C400B29960 /* img1.png */,
			);
			path = art;
			sourceTree = "<group>";
		};
/* End PBXGroup section */

/* Begin PBXNativeTarget section */
		FB47192725D2D6A900B29960 /* SwiftUI-Github-Client */ = {
			isa = PBXNativeTarget;
			buildConfigurationList = FB47194D25D2D6AB00B29960 /* Build configuration list for PBXNativeTarget "SwiftUI-Github-Client" */;
			buildPhases = (
				FB47192425D2D6A900B29960 /* Sources */,
				FB47192525D2D6A900B29960 /* Frameworks */,
				FB47192625D2D6A900B29960 /* Resources */,
			);
			buildRules = (
			);
			dependencies = (
			);
			name = "SwiftUI-Github-Client";
			productName = "SwiftUI-Github-Client";
			productReference = FB47192825D2D6A900B29960 /* SwiftUI-Github-Client.app */;
			productType = "com.apple.product-type.application";
		};
		FB47193825D2D6AB00B29960 /* SwiftUI-Github-ClientTests */ = {
			isa = PBXNativeTarget;
			buildConfigurationList = FB47195025D2D6AB00B29960 /* Build configuration list for PBXNativeTarget "SwiftUI-Github-ClientTests" */;
			buildPhases = (
				FB47193525D2D6AB00B29960 /* Sources */,
				FB47193625D2D6AB00B29960 /* Frameworks */,
				FB47193725D2D6AB00B29960 /* Resources */,
			);
			buildRules = (
			);
			dependencies = (
				FB47193B25D2D6AB00B29960 /* PBXTargetDependency */,
			);
			name = "SwiftUI-Github-ClientTests";
			productName = "SwiftUI-Github-ClientTests";
			productReference = FB47193925D2D6AB00B29960 /* SwiftUI-Github-ClientTests.xctest */;
			productType = "com.apple.product-type.bundle.unit-test";
		};
		FB47194325D2D6AB00B29960 /* SwiftUI-Github-ClientUITests */ = {
			isa = PBXNativeTarget;
			buildConfigurationList = FB47195325D2D6AB00B29960 /* Build configuration list for PBXNativeTarget "SwiftUI-Github-ClientUITests" */;
			buildPhases = (
				FB47194025D2D6AB00B29960 /* Sources */,
				FB47194125D2D6AB00B29960 /* Frameworks */,
				FB47194225D2D6AB00B29960 /* Resources */,
			);
			buildRules = (
			);
			dependencies = (
				FB47194625D2D6AB00B29960 /* PBXTargetDependency */,
			);
			name = "SwiftUI-Github-ClientUITests";
			productName = "SwiftUI-Github-ClientUITests";
			productReference = FB47194425D2D6AB00B29960 /* SwiftUI-Github-ClientUITests.xctest */;
			productType = "com.apple.product-type.bundle.ui-testing";
		};
/* End PBXNativeTarget section */

/* Begin PBXProject section */
		FB47192025D2D6A900B29960 /* Project object */ = {
			isa = PBXProject;
			attributes = {
				LastSwiftUpdateCheck = 1230;
				LastUpgradeCheck = 1230;
				TargetAttributes = {
					FB47192725D2D6A900B29960 = {
						CreatedOnToolsVersion = 12.3;
					};
					FB47193825D2D6AB00B29960 = {
						CreatedOnToolsVersion = 12.3;
						TestTargetID = FB47192725D2D6A900B29960;
					};
					FB47194325D2D6AB00B29960 = {
						CreatedOnToolsVersion = 12.3;
						TestTargetID = FB47192725D2D6A900B29960;
					};
				};
			};
			buildConfigurationList = FB47192325D2D6A900B29960 /* Build configuration list for PBXProject "SwiftUI-Github-Client" */;
			compatibilityVersion = "Xcode 9.3";
			developmentRegion = en;
			hasScannedForEncodings = 0;
			knownRegions = (
				en,
				Base,
			);
			mainGroup = FB47191F25D2D6A900B29960;
			productRefGroup = FB47192925D2D6A900B29960 /* Products */;
			projectDirPath = "";
			projectRoot = "";
			targets = (
				FB47192725D2D6A900B29960 /* SwiftUI-Github-Client */,
				FB47193825D2D6AB00B29960 /* SwiftUI-Github-ClientTests */,
				FB47194325D2D6AB00B29960 /* SwiftUI-Github-ClientUITests */,
			);
		};
/* End PBXProject section */

/* Begin PBXResourcesBuildPhase section */
		FB47192625D2D6A900B29960 /* Resources */ = {
			isa = PBXResourcesBuildPhase;
			buildActionMask = 2147483647;
			files = (
				FB47193325D2D6AB00B29960 /* Preview Assets.xcassets in Resources */,
				FB4719B525D2D8F800B29960 /* languages.json in Resources */,
				FB4719B025D2D8C400B29960 /* img1.png in Resources */,
				FB47193025D2D6AB00B29960 /* Assets.xcassets in Resources */,
				FB4719AF25D2D8C400B29960 /* img2.png in Resources */,
			);
			runOnlyForDeploymentPostprocessing = 0;
		};
		FB47193725D2D6AB00B29960 /* Resources */ = {
			isa = PBXResourcesBuildPhase;
			buildActionMask = 2147483647;
			files = (
			);
			runOnlyForDeploymentPostprocessing = 0;
		};
		FB47194225D2D6AB00B29960 /* Resources */ = {
			isa = PBXResourcesBuildPhase;
			buildActionMask = 2147483647;
			files = (
			);
			runOnlyForDeploymentPostprocessing = 0;
		};
/* End PBXResourcesBuildPhase section */

/* Begin PBXSourcesBuildPhase section */
		FB47192425D2D6A900B29960 /* Sources */ = {
			isa = PBXSourcesBuildPhase;
			buildActionMask = 2147483647;
			files = (
				FB47192C25D2D6A900B29960 /* SwiftUI_Github_ClientApp.swift in Sources */,
				FB4719A325D2D85400B29960 /* LanguageHelper.swift in Sources */,
				FB47197825D2D81200B29960 /* ImageCache.swift in Sources */,
				FB4719A525D2D85400B29960 /* RepositoryResponse.swift in Sources */,
				FB4719A425D2D85400B29960 /* OwnerResponse.swift in Sources */,
				FB47196F25D2D7FE00B29960 /* Color.swift in Sources */,
				FB47198F25D2D82500B29960 /* MyRepositoriesViewModel.swift in Sources */,
				FB47197A25D2D81200B29960 /* EnvironmentValues+ImageCache.swift in Sources */,
				FB47198E25D2D82500B29960 /* OldRepositoriesViewModel.swift in Sources */,
				FB4719A125D2D85400B29960 /* SearchRepositoryResponse.swift in Sources */,
				FB47199425D2D82500B29960 /* CardView.swift in Sources */,
				FB47199525D2D82500B29960 /* CircleImageView.swift in Sources */,
				FB47199225D2D82500B29960 /* HorizontalList.swift in Sources */,
				FB47199125D2D82500B29960 /* NewRepositoriesViewModel.swift in Sources */,
				FB4719A225D2D85400B29960 /* LoadingState.swift in Sources */,
				FB47197B25D2D81200B29960 /* AsyncImage.swift in Sources */,
				FB47199025D2D82500B29960 /* RepositoryListContentView.swift in Sources */,
				FB47196025D2D7AC00B29960 /* MainContentView.swift in Sources */,
				FB47199325D2D82500B29960 /* Cardify.swift in Sources */,
				FB47197925D2D81200B29960 /* ImageLoader.swift in Sources */,
				FB47199625D2D82500B29960 /* HomeViewModel.swift in Sources */,
				FB47199725D2D82500B29960 /* HomeContentView.swift in Sources */,
				FB47196525D2D7CC00B29960 /* Constants.swift in Sources */,
				FB47196D25D2D7FE00B29960 /* UIColor.swift in Sources */,
				FB47196E25D2D7FE00B29960 /* Optional.swift in Sources */,
				FB47198D25D2D82500B29960 /* MostStarRepositoriesViewModel.swift in Sources */,
			);
			runOnlyForDeploymentPostprocessing = 0;
		};
		FB47193525D2D6AB00B29960 /* Sources */ = {
			isa = PBXSourcesBuildPhase;
			buildActionMask = 2147483647;
			files = (
				FB47193E25D2D6AB00B29960 /* SwiftUI_Github_ClientTests.swift in Sources */,
			);
			runOnlyForDeploymentPostprocessing = 0;
		};
		FB47194025D2D6AB00B29960 /* Sources */ = {
			isa = PBXSourcesBuildPhase;
			buildActionMask = 2147483647;
			files = (
				FB47194925D2D6AB00B29960 /* SwiftUI_Github_ClientUITests.swift in Sources */,
			);
			runOnlyForDeploymentPostprocessing = 0;
		};
/* End PBXSourcesBuildPhase section */

/* Begin PBXTargetDependency section */
		FB47193B25D2D6AB00B29960 /* PBXTargetDependency */ = {
			isa = PBXTargetDependency;
			target = FB47192725D2D6A900B29960 /* SwiftUI-Github-Client */;
			targetProxy = FB47193A25D2D6AB00B29960 /* PBXContainerItemProxy */;
		};
		FB47194625D2D6AB00B29960 /* PBXTargetDependency */ = {
			isa = PBXTargetDependency;
			target = FB47192725D2D6A900B29960 /* SwiftUI-Github-Client */;
			targetProxy = FB47194525D2D6AB00B29960 /* PBXContainerItemProxy */;
		};
/* End PBXTargetDependency section */

/* Begin XCBuildConfiguration section */
		FB47194B25D2D6AB00B29960 /* Debug */ = {
			isa = XCBuildConfiguration;
			buildSettings = {
				ALWAYS_SEARCH_USER_PATHS = NO;
				CLANG_ANALYZER_NONNULL = YES;
				CLANG_ANALYZER_NUMBER_OBJECT_CONVERSION = YES_AGGRESSIVE;
				CLANG_CXX_LANGUAGE_STANDARD = "gnu++14";
				CLANG_CXX_LIBRARY = "libc++";
				CLANG_ENABLE_MODULES = YES;
				CLANG_ENABLE_OBJC_ARC = YES;
				CLANG_ENABLE_OBJC_WEAK = YES;
				CLANG_WARN_BLOCK_CAPTURE_AUTORELEASING = YES;
				CLANG_WARN_BOOL_CONVERSION = YES;
				CLANG_WARN_COMMA = YES;
				CLANG_WARN_CONSTANT_CONVERSION = YES;
				CLANG_WARN_DEPRECATED_OBJC_IMPLEMENTATIONS = YES;
				CLANG_WARN_DIRECT_OBJC_ISA_USAGE = YES_ERROR;
				CLANG_WARN_DOCUMENTATION_COMMENTS = YES;
				CLANG_WARN_EMPTY_BODY = YES;
				CLANG_WARN_ENUM_CONVERSION = YES;
				CLANG_WARN_INFINITE_RECURSION = YES;
				CLANG_WARN_INT_CONVERSION = YES;
				CLANG_WARN_NON_LITERAL_NULL_CONVERSION = YES;
				CLANG_WARN_OBJC_IMPLICIT_RETAIN_SELF = YES;
				CLANG_WARN_OBJC_LITERAL_CONVERSION = YES;
				CLANG_WARN_OBJC_ROOT_CLASS = YES_ERROR;
				CLANG_WARN_QUOTED_INCLUDE_IN_FRAMEWORK_HEADER = YES;
				CLANG_WARN_RANGE_LOOP_ANALYSIS = YES;
				CLANG_WARN_STRICT_PROTOTYPES = YES;
				CLANG_WARN_SUSPICIOUS_MOVE = YES;
				CLANG_WARN_UNGUARDED_AVAILABILITY = YES_AGGRESSIVE;
				CLANG_WARN_UNREACHABLE_CODE = YES;
				CLANG_WARN__DUPLICATE_METHOD_MATCH = YES;
				COPY_PHASE_STRIP = NO;
				DEBUG_INFORMATION_FORMAT = dwarf;
				ENABLE_STRICT_OBJC_MSGSEND = YES;
				ENABLE_TESTABILITY = YES;
				GCC_C_LANGUAGE_STANDARD = gnu11;
				GCC_DYNAMIC_NO_PIC = NO;
				GCC_NO_COMMON_BLOCKS = YES;
				GCC_OPTIMIZATION_LEVEL = 0;
				GCC_PREPROCESSOR_DEFINITIONS = (
					"DEBUG=1",
					"$(inherited)",
				);
				GCC_WARN_64_TO_32_BIT_CONVERSION = YES;
				GCC_WARN_ABOUT_RETURN_TYPE = YES_ERROR;
				GCC_WARN_UNDECLARED_SELECTOR = YES;
				GCC_WARN_UNINITIALIZED_AUTOS = YES_AGGRESSIVE;
				GCC_WARN_UNUSED_FUNCTION = YES;
				GCC_WARN_UNUSED_VARIABLE = YES;
				IPHONEOS_DEPLOYMENT_TARGET = 14.3;
				MTL_ENABLE_DEBUG_INFO = INCLUDE_SOURCE;
				MTL_FAST_MATH = YES;
				ONLY_ACTIVE_ARCH = YES;
				SDKROOT = iphoneos;
				SWIFT_ACTIVE_COMPILATION_CONDITIONS = DEBUG;
				SWIFT_OPTIMIZATION_LEVEL = "-Onone";
			};
			name = Debug;
		};
		FB47194C25D2D6AB00B29960 /* Release */ = {
			isa = XCBuildConfiguration;
			buildSettings = {
				ALWAYS_SEARCH_USER_PATHS = NO;
				CLANG_ANALYZER_NONNULL = YES;
				CLANG_ANALYZER_NUMBER_OBJECT_CONVERSION = YES_AGGRESSIVE;
				CLANG_CXX_LANGUAGE_STANDARD = "gnu++14";
				CLANG_CXX_LIBRARY = "libc++";
				CLANG_ENABLE_MODULES = YES;
				CLANG_ENABLE_OBJC_ARC = YES;
				CLANG_ENABLE_OBJC_WEAK = YES;
				CLANG_WARN_BLOCK_CAPTURE_AUTORELEASING = YES;
				CLANG_WARN_BOOL_CONVERSION = YES;
				CLANG_WARN_COMMA = YES;
				CLANG_WARN_CONSTANT_CONVERSION = YES;
				CLANG_WARN_DEPRECATED_OBJC_IMPLEMENTATIONS = YES;
				CLANG_WARN_DIRECT_OBJC_ISA_USAGE = YES_ERROR;
				CLANG_WARN_DOCUMENTATION_COMMENTS = YES;
				CLANG_WARN_EMPTY_BODY = YES;
				CLANG_WARN_ENUM_CONVERSION = YES;
				CLANG_WARN_INFINITE_RECURSION = YES;
				CLANG_WARN_INT_CONVERSION = YES;
				CLANG_WARN_NON_LITERAL_NULL_CONVERSION = YES;
				CLANG_WARN_OBJC_IMPLICIT_RETAIN_SELF = YES;
				CLANG_WARN_OBJC_LITERAL_CONVERSION = YES;
				CLANG_WARN_OBJC_ROOT_CLASS = YES_ERROR;
				CLANG_WARN_QUOTED_INCLUDE_IN_FRAMEWORK_HEADER = YES;
				CLANG_WARN_RANGE_LOOP_ANALYSIS = YES;
				CLANG_WARN_STRICT_PROTOTYPES = YES;
				CLANG_WARN_SUSPICIOUS_MOVE = YES;
				CLANG_WARN_UNGUARDED_AVAILABILITY = YES_AGGRESSIVE;
				CLANG_WARN_UNREACHABLE_CODE = YES;
				CLANG_WARN__DUPLICATE_METHOD_MATCH = YES;
				COPY_PHASE_STRIP = NO;
				DEBUG_INFORMATION_FORMAT = "dwarf-with-dsym";
				ENABLE_NS_ASSERTIONS = NO;
				ENABLE_STRICT_OBJC_MSGSEND = YES;
				GCC_C_LANGUAGE_STANDARD = gnu11;
				GCC_NO_COMMON_BLOCKS = YES;
				GCC_WARN_64_TO_32_BIT_CONVERSION = YES;
				GCC_WARN_ABOUT_RETURN_TYPE = YES_ERROR;
				GCC_WARN_UNDECLARED_SELECTOR = YES;
				GCC_WARN_UNINITIALIZED_AUTOS = YES_AGGRESSIVE;
				GCC_WARN_UNUSED_FUNCTION = YES;
				GCC_WARN_UNUSED_VARIABLE = YES;
				IPHONEOS_DEPLOYMENT_TARGET = 14.3;
				MTL_ENABLE_DEBUG_INFO = NO;
				MTL_FAST_MATH = YES;
				SDKROOT = iphoneos;
				SWIFT_COMPILATION_MODE = wholemodule;
				SWIFT_OPTIMIZATION_LEVEL = "-O";
				VALIDATE_PRODUCT = YES;
			};
			name = Release;
		};
		FB47194E25D2D6AB00B29960 /* Debug */ = {
			isa = XCBuildConfiguration;
			buildSettings = {
				ASSETCATALOG_COMPILER_APPICON_NAME = AppIcon;
				ASSETCATALOG_COMPILER_GLOBAL_ACCENT_COLOR_NAME = AccentColor;
				CODE_SIGN_STYLE = Automatic;
				DEVELOPMENT_ASSET_PATHS = "\"SwiftUI-Github-Client/Preview Content\"";
				DEVELOPMENT_TEAM = 72YJ55K4JJ;
				ENABLE_PREVIEWS = YES;
				INFOPLIST_FILE = "SwiftUI-Github-Client/Info.plist";
				IPHONEOS_DEPLOYMENT_TARGET = 14.0;
				LD_RUNPATH_SEARCH_PATHS = (
					"$(inherited)",
					"@executable_path/Frameworks",
				);
				PRODUCT_BUNDLE_IDENTIFIER = "com.mone.github.SwiftUI-Github-Client";
				PRODUCT_NAME = "$(TARGET_NAME)";
				SWIFT_VERSION = 5.0;
				TARGETED_DEVICE_FAMILY = "1,2";
			};
			name = Debug;
		};
		FB47194F25D2D6AB00B29960 /* Release */ = {
			isa = XCBuildConfiguration;
			buildSettings = {
				ASSETCATALOG_COMPILER_APPICON_NAME = AppIcon;
				ASSETCATALOG_COMPILER_GLOBAL_ACCENT_COLOR_NAME = AccentColor;
				CODE_SIGN_STYLE = Automatic;
				DEVELOPMENT_ASSET_PATHS = "\"SwiftUI-Github-Client/Preview Content\"";
				DEVELOPMENT_TEAM = 72YJ55K4JJ;
				ENABLE_PREVIEWS = YES;
				INFOPLIST_FILE = "SwiftUI-Github-Client/Info.plist";
				IPHONEOS_DEPLOYMENT_TARGET = 14.0;
				LD_RUNPATH_SEARCH_PATHS = (
					"$(inherited)",
					"@executable_path/Frameworks",
				);
				PRODUCT_BUNDLE_IDENTIFIER = "com.mone.github.SwiftUI-Github-Client";
				PRODUCT_NAME = "$(TARGET_NAME)";
				SWIFT_VERSION = 5.0;
				TARGETED_DEVICE_FAMILY = "1,2";
			};
			name = Release;
		};
		FB47195125D2D6AB00B29960 /* Debug */ = {
			isa = XCBuildConfiguration;
			buildSettings = {
				ALWAYS_EMBED_SWIFT_STANDARD_LIBRARIES = YES;
				BUNDLE_LOADER = "$(TEST_HOST)";
				CODE_SIGN_STYLE = Automatic;
				DEVELOPMENT_TEAM = 72YJ55K4JJ;
				INFOPLIST_FILE = "SwiftUI-Github-ClientTests/Info.plist";
				IPHONEOS_DEPLOYMENT_TARGET = 14.0;
				LD_RUNPATH_SEARCH_PATHS = (
					"$(inherited)",
					"@executable_path/Frameworks",
					"@loader_path/Frameworks",
				);
				PRODUCT_BUNDLE_IDENTIFIER = "com.mone.github.SwiftUI-Github-ClientTests";
				PRODUCT_NAME = "$(TARGET_NAME)";
				SWIFT_VERSION = 5.0;
				TARGETED_DEVICE_FAMILY = "1,2";
				TEST_HOST = "$(BUILT_PRODUCTS_DIR)/SwiftUI-Github-Client.app/SwiftUI-Github-Client";
			};
			name = Debug;
		};
		FB47195225D2D6AB00B29960 /* Release */ = {
			isa = XCBuildConfiguration;
			buildSettings = {
				ALWAYS_EMBED_SWIFT_STANDARD_LIBRARIES = YES;
				BUNDLE_LOADER = "$(TEST_HOST)";
				CODE_SIGN_STYLE = Automatic;
				DEVELOPMENT_TEAM = 72YJ55K4JJ;
				INFOPLIST_FILE = "SwiftUI-Github-ClientTests/Info.plist";
				IPHONEOS_DEPLOYMENT_TARGET = 14.0;
				LD_RUNPATH_SEARCH_PATHS = (
					"$(inherited)",
					"@executable_path/Frameworks",
					"@loader_path/Frameworks",
				);
				PRODUCT_BUNDLE_IDENTIFIER = "com.mone.github.SwiftUI-Github-ClientTests";
				PRODUCT_NAME = "$(TARGET_NAME)";
				SWIFT_VERSION = 5.0;
				TARGETED_DEVICE_FAMILY = "1,2";
				TEST_HOST = "$(BUILT_PRODUCTS_DIR)/SwiftUI-Github-Client.app/SwiftUI-Github-Client";
			};
			name = Release;
		};
		FB47195425D2D6AB00B29960 /* Debug */ = {
			isa = XCBuildConfiguration;
			buildSettings = {
				ALWAYS_EMBED_SWIFT_STANDARD_LIBRARIES = YES;
				CODE_SIGN_STYLE = Automatic;
				DEVELOPMENT_TEAM = 72YJ55K4JJ;
				INFOPLIST_FILE = "SwiftUI-Github-ClientUITests/Info.plist";
				LD_RUNPATH_SEARCH_PATHS = (
					"$(inherited)",
					"@executable_path/Frameworks",
					"@loader_path/Frameworks",
				);
				PRODUCT_BUNDLE_IDENTIFIER = "com.mone.github.SwiftUI-Github-ClientUITests";
				PRODUCT_NAME = "$(TARGET_NAME)";
				SWIFT_VERSION = 5.0;
				TARGETED_DEVICE_FAMILY = "1,2";
				TEST_TARGET_NAME = "SwiftUI-Github-Client";
			};
			name = Debug;
		};
		FB47195525D2D6AB00B29960 /* Release */ = {
			isa = XCBuildConfiguration;
			buildSettings = {
				ALWAYS_EMBED_SWIFT_STANDARD_LIBRARIES = YES;
				CODE_SIGN_STYLE = Automatic;
				DEVELOPMENT_TEAM = 72YJ55K4JJ;
				INFOPLIST_FILE = "SwiftUI-Github-ClientUITests/Info.plist";
				LD_RUNPATH_SEARCH_PATHS = (
					"$(inherited)",
					"@executable_path/Frameworks",
					"@loader_path/Frameworks",
				);
				PRODUCT_BUNDLE_IDENTIFIER = "com.mone.github.SwiftUI-Github-ClientUITests";
				PRODUCT_NAME = "$(TARGET_NAME)";
				SWIFT_VERSION = 5.0;
				TARGETED_DEVICE_FAMILY = "1,2";
				TEST_TARGET_NAME = "SwiftUI-Github-Client";
			};
			name = Release;
		};
/* End XCBuildConfiguration section */

/* Begin XCConfigurationList section */
		FB47192325D2D6A900B29960 /* Build configuration list for PBXProject "SwiftUI-Github-Client" */ = {
			isa = XCConfigurationList;
			buildConfigurations = (
				FB47194B25D2D6AB00B29960 /* Debug */,
				FB47194C25D2D6AB00B29960 /* Release */,
			);
			defaultConfigurationIsVisible = 0;
			defaultConfigurationName = Release;
		};
		FB47194D25D2D6AB00B29960 /* Build configuration list for PBXNativeTarget "SwiftUI-Github-Client" */ = {
			isa = XCConfigurationList;
			buildConfigurations = (
				FB47194E25D2D6AB00B29960 /* Debug */,
				FB47194F25D2D6AB00B29960 /* Release */,
			);
			defaultConfigurationIsVisible = 0;
			defaultConfigurationName = Release;
		};
		FB47195025D2D6AB00B29960 /* Build configuration list for PBXNativeTarget "SwiftUI-Github-ClientTests" */ = {
			isa = XCConfigurationList;
			buildConfigurations = (
				FB47195125D2D6AB00B29960 /* Debug */,
				FB47195225D2D6AB00B29960 /* Release */,
			);
			defaultConfigurationIsVisible = 0;
			defaultConfigurationName = Release;
		};
		FB47195325D2D6AB00B29960 /* Build configuration list for PBXNativeTarget "SwiftUI-Github-ClientUITests" */ = {
			isa = XCConfigurationList;
			buildConfigurations = (
				FB47195425D2D6AB00B29960 /* Debug */,
				FB47195525D2D6AB00B29960 /* Release */,
			);
			defaultConfigurationIsVisible = 0;
			defaultConfigurationName = Release;
		};
/* End XCConfigurationList section */
	};
	rootObject = FB47192025D2D6A900B29960 /* Project object */;
}
